// !$*UTF8*$!
{
	archiveVersion = 1;
	classes = {
	};
	objectVersion = 56;
	objects = {

/* Begin PBXBuildFile section */
		D5064EEA2BDF180400F01886 /* VelocityInputView.swift in Sources */ = {isa = PBXBuildFile; fileRef = D5064EE92BDF180400F01886 /* VelocityInputView.swift */; };
		D51E9E402CFE19D000173322 /* Assets.xcassets in Resources */ = {isa = PBXBuildFile; fileRef = D51E9E3F2CFE19D000173322 /* Assets.xcassets */; };
		D575388D2C776ABE00B7EBF7 /* BullpenMainView.swift in Sources */ = {isa = PBXBuildFile; fileRef = D575388C2C776ABE00B7EBF7 /* BullpenMainView.swift */; };
		D57E62382BD2CD7D003987E1 /* ArmBarnApp.swift in Sources */ = {isa = PBXBuildFile; fileRef = D5DD111E2AF52FE70064F1A5 /* ArmBarnApp.swift */; };
		D57E62392BD2CD7D003987E1 /* global_variables.swift in Sources */ = {isa = PBXBuildFile; fileRef = D50E3E8F2B0926A8006699FB /* global_variables.swift */; };
		D57E623A2BD2CD7D003987E1 /* ScoreboardView.swift in Sources */ = {isa = PBXBuildFile; fileRef = D5E103C02B3D122100752E7F /* ScoreboardView.swift */; };
		D57E623B2BD2CD7D003987E1 /* MainView.swift in Sources */ = {isa = PBXBuildFile; fileRef = D5DD11202AF52FE70064F1A5 /* MainView.swift */; };
		D57E623C2BD2CD7D003987E1 /* PitchLocationView.swift in Sources */ = {isa = PBXBuildFile; fileRef = D5E103BE2B2F6D4A00752E7F /* PitchLocationView.swift */; };
		D57E623E2BD2CD7D003987E1 /* PitchResultView.swift in Sources */ = {isa = PBXBuildFile; fileRef = D5A335862AFB0DD0005480DE /* PitchResultView.swift */; };
		D57E623F2BD2CD7D003987E1 /* OutDetailView.swift in Sources */ = {isa = PBXBuildFile; fileRef = D50E3E952B0A3DE7006699FB /* OutDetailView.swift */; };
		D57E62402BD2CD7D003987E1 /* HitDetailView.swift in Sources */ = {isa = PBXBuildFile; fileRef = D50E3E932B0A3D04006699FB /* HitDetailView.swift */; };
		D57E62412BD2CD7D003987E1 /* AddPitcherView.swift in Sources */ = {isa = PBXBuildFile; fileRef = D5FAD8192B28BADC00E9EB91 /* AddPitcherView.swift */; };
		D57E62422BD2CD7D003987E1 /* GameReportView.swift in Sources */ = {isa = PBXBuildFile; fileRef = D5C6DE192BD2C52D00C64555 /* GameReportView.swift */; };
		D57E62432BD2CD7D003987E1 /* GameContainerView.swift in Sources */ = {isa = PBXBuildFile; fileRef = D5C6DE202BD2C52D00C64555 /* GameContainerView.swift */; };
		D57E62442BD2CD7D003987E1 /* PopupAlertView.swift in Sources */ = {isa = PBXBuildFile; fileRef = D5C6DE1C2BD2C52D00C64555 /* PopupAlertView.swift */; };
		D57E62452BD2CD7D003987E1 /* report_variables.swift in Sources */ = {isa = PBXBuildFile; fileRef = D5C6DE1E2BD2C52D00C64555 /* report_variables.swift */; };
		D57E62462BD2CD7D003987E1 /* SelectPitcherView.swift in Sources */ = {isa = PBXBuildFile; fileRef = D5C6DE1B2BD2C52D00C64555 /* SelectPitcherView.swift */; };
		D57E62472BD2CD7D003987E1 /* StrikeoutAlertView.swift in Sources */ = {isa = PBXBuildFile; fileRef = D5C6DE1F2BD2C52D00C64555 /* StrikeoutAlertView.swift */; };
		D58DAF152C45D38D003EFB2E /* FileNamePopUpView.swift in Sources */ = {isa = PBXBuildFile; fileRef = D58DAF142C45D38D003EFB2E /* FileNamePopUpView.swift */; };
		D58FE76D2BD717DC004FC234 /* BatterPositionView.swift in Sources */ = {isa = PBXBuildFile; fileRef = D58FE76C2BD717DC004FC234 /* BatterPositionView.swift */; };
		D5959D9D2BE5381B00FFDA0B /* TipView.swift in Sources */ = {isa = PBXBuildFile; fileRef = D5959D9C2BE5381B00FFDA0B /* TipView.swift */; };
		D5DD11262AF52FE80064F1A5 /* Preview Assets.xcassets in Resources */ = {isa = PBXBuildFile; fileRef = D5DD11252AF52FE80064F1A5 /* Preview Assets.xcassets */; };
		D5EE0C482D11CFBE00374749 /* BullpenReportView.swift in Sources */ = {isa = PBXBuildFile; fileRef = D5EE0C472D11CFBE00374749 /* BullpenReportView.swift */; };
		D5EE0C4A2D11CFD500374749 /* SettingsView.swift in Sources */ = {isa = PBXBuildFile; fileRef = D5EE0C492D11CFD500374749 /* SettingsView.swift */; };
/* End PBXBuildFile section */

/* Begin PBXFileReference section */
		D5064EE92BDF180400F01886 /* VelocityInputView.swift */ = {isa = PBXFileReference; lastKnownFileType = sourcecode.swift; name = VelocityInputView.swift; path = ../../../VelocityInputView.swift; sourceTree = "<group>"; };
		D50E3E8F2B0926A8006699FB /* global_variables.swift */ = {isa = PBXFileReference; lastKnownFileType = sourcecode.swift; path = global_variables.swift; sourceTree = "<group>"; };
		D50E3E932B0A3D04006699FB /* HitDetailView.swift */ = {isa = PBXFileReference; lastKnownFileType = sourcecode.swift; name = HitDetailView.swift; path = ../../HitDetailView.swift; sourceTree = "<group>"; };
		D50E3E952B0A3DE7006699FB /* OutDetailView.swift */ = {isa = PBXFileReference; lastKnownFileType = sourcecode.swift; name = OutDetailView.swift; path = ../../OutDetailView.swift; sourceTree = "<group>"; };
		D51E9E3F2CFE19D000173322 /* Assets.xcassets */ = {isa = PBXFileReference; lastKnownFileType = folder.assetcatalog; path = Assets.xcassets; sourceTree = "<group>"; };
		D575388C2C776ABE00B7EBF7 /* BullpenMainView.swift */ = {isa = PBXFileReference; lastKnownFileType = sourcecode.swift; name = BullpenMainView.swift; path = ../../BullpenMainView.swift; sourceTree = "<group>"; };
		D58DAF142C45D38D003EFB2E /* FileNamePopUpView.swift */ = {isa = PBXFileReference; lastKnownFileType = sourcecode.swift; path = FileNamePopUpView.swift; sourceTree = SOURCE_ROOT; };
		D58FE76C2BD717DC004FC234 /* BatterPositionView.swift */ = {isa = PBXFileReference; lastKnownFileType = sourcecode.swift; name = BatterPositionView.swift; path = ../../../BatterPositionView.swift; sourceTree = "<group>"; };
		D5959D9C2BE5381B00FFDA0B /* TipView.swift */ = {isa = PBXFileReference; lastKnownFileType = sourcecode.swift; name = TipView.swift; path = ../TipView.swift; sourceTree = "<group>"; };
		D5A335862AFB0DD0005480DE /* PitchResultView.swift */ = {isa = PBXFileReference; lastKnownFileType = sourcecode.swift; name = PitchResultView.swift; path = ../../PitchResultView.swift; sourceTree = "<group>"; };
		D5C6DE192BD2C52D00C64555 /* GameReportView.swift */ = {isa = PBXFileReference; fileEncoding = 4; lastKnownFileType = sourcecode.swift; name = GameReportView.swift; path = ../../GameReportView.swift; sourceTree = "<group>"; };
		D5C6DE1B2BD2C52D00C64555 /* SelectPitcherView.swift */ = {isa = PBXFileReference; fileEncoding = 4; lastKnownFileType = sourcecode.swift; name = SelectPitcherView.swift; path = ../../SelectPitcherView.swift; sourceTree = "<group>"; };
		D5C6DE1C2BD2C52D00C64555 /* PopupAlertView.swift */ = {isa = PBXFileReference; fileEncoding = 4; lastKnownFileType = sourcecode.swift; name = PopupAlertView.swift; path = ../../../PopupAlertView.swift; sourceTree = "<group>"; };
		D5C6DE1E2BD2C52D00C64555 /* report_variables.swift */ = {isa = PBXFileReference; fileEncoding = 4; lastKnownFileType = sourcecode.swift; path = report_variables.swift; sourceTree = "<group>"; };
		D5C6DE1F2BD2C52D00C64555 /* StrikeoutAlertView.swift */ = {isa = PBXFileReference; fileEncoding = 4; lastKnownFileType = sourcecode.swift; name = StrikeoutAlertView.swift; path = ../../../StrikeoutAlertView.swift; sourceTree = "<group>"; };
		D5C6DE202BD2C52D00C64555 /* GameContainerView.swift */ = {isa = PBXFileReference; fileEncoding = 4; lastKnownFileType = sourcecode.swift; path = GameContainerView.swift; sourceTree = "<group>"; };
		D5DD111B2AF52FE60064F1A5 /* ArmBarn.app */ = {isa = PBXFileReference; explicitFileType = wrapper.application; includeInIndex = 0; path = ArmBarn.app; sourceTree = BUILT_PRODUCTS_DIR; };
		D5DD111E2AF52FE70064F1A5 /* ArmBarnApp.swift */ = {isa = PBXFileReference; lastKnownFileType = sourcecode.swift; path = ArmBarnApp.swift; sourceTree = "<group>"; };
		D5DD11202AF52FE70064F1A5 /* MainView.swift */ = {isa = PBXFileReference; lastKnownFileType = sourcecode.swift; path = MainView.swift; sourceTree = "<group>"; };
		D5DD11252AF52FE80064F1A5 /* Preview Assets.xcassets */ = {isa = PBXFileReference; lastKnownFileType = folder.assetcatalog; path = "Preview Assets.xcassets"; sourceTree = "<group>"; };
		D5E103BE2B2F6D4A00752E7F /* PitchLocationView.swift */ = {isa = PBXFileReference; lastKnownFileType = sourcecode.swift; name = PitchLocationView.swift; path = ../../PitchLocationView.swift; sourceTree = "<group>"; };
		D5E103C02B3D122100752E7F /* ScoreboardView.swift */ = {isa = PBXFileReference; lastKnownFileType = sourcecode.swift; name = ScoreboardView.swift; path = ../../ScoreboardView.swift; sourceTree = "<group>"; };
		D5EE0C472D11CFBE00374749 /* BullpenReportView.swift */ = {isa = PBXFileReference; lastKnownFileType = sourcecode.swift; name = BullpenReportView.swift; path = ../../BullpenReportView.swift; sourceTree = "<group>"; };
		D5EE0C492D11CFD500374749 /* SettingsView.swift */ = {isa = PBXFileReference; lastKnownFileType = sourcecode.swift; name = SettingsView.swift; path = ../../SettingsView.swift; sourceTree = "<group>"; };
		D5FAD8192B28BADC00E9EB91 /* AddPitcherView.swift */ = {isa = PBXFileReference; lastKnownFileType = sourcecode.swift; name = AddPitcherView.swift; path = ../../AddPitcherView.swift; sourceTree = "<group>"; };
/* End PBXFileReference section */

/* Begin PBXFrameworksBuildPhase section */
		D5DD11182AF52FE60064F1A5 /* Frameworks */ = {
			isa = PBXFrameworksBuildPhase;
			buildActionMask = 2147483647;
			files = (
			);
			runOnlyForDeploymentPostprocessing = 0;
		};
/* End PBXFrameworksBuildPhase section */

/* Begin PBXGroup section */
		D5DD11122AF52FE60064F1A5 = {
			isa = PBXGroup;
			children = (
				D5DD111D2AF52FE70064F1A5 /* ArmBarn */,
				D5DD111C2AF52FE60064F1A5 /* Products */,
			);
			sourceTree = "<group>";
		};
		D5DD111C2AF52FE60064F1A5 /* Products */ = {
			isa = PBXGroup;
			children = (
				D5DD111B2AF52FE60064F1A5 /* ArmBarn.app */,
			);
			name = Products;
			sourceTree = "<group>";
		};
		D5DD111D2AF52FE70064F1A5 /* ArmBarn */ = {
			isa = PBXGroup;
			children = (
				D5DD111E2AF52FE70064F1A5 /* ArmBarnApp.swift */,
				D51E9E3F2CFE19D000173322 /* Assets.xcassets */,
				D5EE0C512D11D36200374749 /* Data */,
				D5EE0C502D11D2A400374749 /* Controllers */,
				D5EE0C4F2D11D29000374749 /* Application */,
				D5DD11242AF52FE80064F1A5 /* Preview Content */,
			);
			path = ArmBarn;
			sourceTree = "<group>";
		};
		D5DD11242AF52FE80064F1A5 /* Preview Content */ = {
			isa = PBXGroup;
			children = (
				D5DD11252AF52FE80064F1A5 /* Preview Assets.xcassets */,
			);
			path = "Preview Content";
			sourceTree = "<group>";
		};
		D5EE0C4F2D11D29000374749 /* Application */ = {
			isa = PBXGroup;
			children = (
				D5EE0C522D11D4E600374749 /* Data Entry */,
				D5EE0C542D11D54200374749 /* Reporting */,
				D5EE0C572D11D5CA00374749 /* Bullpen Mode */,
				D5959D9C2BE5381B00FFDA0B /* TipView.swift */,
			);
			path = Application;
			sourceTree = "<group>";
		};
		D5EE0C502D11D2A400374749 /* Controllers */ = {
			isa = PBXGroup;
			children = (
				D5DD11202AF52FE70064F1A5 /* MainView.swift */,
				D5C6DE202BD2C52D00C64555 /* GameContainerView.swift */,
			);
			path = Controllers;
			sourceTree = "<group>";
		};
		D5EE0C512D11D36200374749 /* Data */ = {
			isa = PBXGroup;
			children = (
				D50E3E8F2B0926A8006699FB /* global_variables.swift */,
				D5C6DE1E2BD2C52D00C64555 /* report_variables.swift */,
			);
			path = Data;
			sourceTree = "<group>";
		};
		D5EE0C522D11D4E600374749 /* Data Entry */ = {
			isa = PBXGroup;
			children = (
				D5EE0C552D11D57A00374749 /* Pop-Up Views */,
				D5E103BE2B2F6D4A00752E7F /* PitchLocationView.swift */,
				D5A335862AFB0DD0005480DE /* PitchResultView.swift */,
				D50E3E952B0A3DE7006699FB /* OutDetailView.swift */,
				D50E3E932B0A3D04006699FB /* HitDetailView.swift */,
				D5FAD8192B28BADC00E9EB91 /* AddPitcherView.swift */,
				D5C6DE1B2BD2C52D00C64555 /* SelectPitcherView.swift */,
			);
			path = "Data Entry";
			sourceTree = "<group>";
		};
		D5EE0C542D11D54200374749 /* Reporting */ = {
			isa = PBXGroup;
			children = (
				D5E103C02B3D122100752E7F /* ScoreboardView.swift */,
				D5C6DE192BD2C52D00C64555 /* GameReportView.swift */,
				D5EE0C492D11CFD500374749 /* SettingsView.swift */,
			);
			path = Reporting;
			sourceTree = "<group>";
		};
		D5EE0C552D11D57A00374749 /* Pop-Up Views */ = {
			isa = PBXGroup;
			children = (
				D5064EE92BDF180400F01886 /* VelocityInputView.swift */,
				D58FE76C2BD717DC004FC234 /* BatterPositionView.swift */,
				D58DAF142C45D38D003EFB2E /* FileNamePopUpView.swift */,
				D5C6DE1C2BD2C52D00C64555 /* PopupAlertView.swift */,
				D5C6DE1F2BD2C52D00C64555 /* StrikeoutAlertView.swift */,
			);
			path = "Pop-Up Views";
			sourceTree = "<group>";
		};
		D5EE0C572D11D5CA00374749 /* Bullpen Mode */ = {
			isa = PBXGroup;
			children = (
				D5EE0C472D11CFBE00374749 /* BullpenReportView.swift */,
				D575388C2C776ABE00B7EBF7 /* BullpenMainView.swift */,
			);
			path = "Bullpen Mode";
			sourceTree = "<group>";
		};
/* End PBXGroup section */

/* Begin PBXNativeTarget section */
		D5DD111A2AF52FE60064F1A5 /* ArmBarn */ = {
			isa = PBXNativeTarget;
			buildConfigurationList = D5DD11292AF52FE80064F1A5 /* Build configuration list for PBXNativeTarget "ArmBarn" */;
			buildPhases = (
				D5DD11172AF52FE60064F1A5 /* Sources */,
				D5DD11182AF52FE60064F1A5 /* Frameworks */,
				D5DD11192AF52FE60064F1A5 /* Resources */,
			);
			buildRules = (
			);
			dependencies = (
			);
			name = ArmBarn;
			productName = ArmBarn;
			productReference = D5DD111B2AF52FE60064F1A5 /* ArmBarn.app */;
			productType = "com.apple.product-type.application";
		};
/* End PBXNativeTarget section */

/* Begin PBXProject section */
		D5DD11132AF52FE60064F1A5 /* Project object */ = {
			isa = PBXProject;
			attributes = {
				BuildIndependentTargetsInParallel = 1;
				LastSwiftUpdateCheck = 1500;
				LastUpgradeCheck = 1500;
				TargetAttributes = {
					D5DD111A2AF52FE60064F1A5 = {
						CreatedOnToolsVersion = 15.0.1;
					};
				};
			};
			buildConfigurationList = D5DD11162AF52FE60064F1A5 /* Build configuration list for PBXProject "ArmBarn" */;
			compatibilityVersion = "Xcode 14.0";
			developmentRegion = en;
			hasScannedForEncodings = 0;
			knownRegions = (
				en,
				Base,
			);
			mainGroup = D5DD11122AF52FE60064F1A5;
			productRefGroup = D5DD111C2AF52FE60064F1A5 /* Products */;
			projectDirPath = "";
			projectRoot = "";
			targets = (
				D5DD111A2AF52FE60064F1A5 /* ArmBarn */,
			);
		};
/* End PBXProject section */

/* Begin PBXResourcesBuildPhase section */
		D5DD11192AF52FE60064F1A5 /* Resources */ = {
			isa = PBXResourcesBuildPhase;
			buildActionMask = 2147483647;
			files = (
				D51E9E402CFE19D000173322 /* Assets.xcassets in Resources */,
				D5DD11262AF52FE80064F1A5 /* Preview Assets.xcassets in Resources */,
			);
			runOnlyForDeploymentPostprocessing = 0;
		};
/* End PBXResourcesBuildPhase section */

/* Begin PBXSourcesBuildPhase section */
		D5DD11172AF52FE60064F1A5 /* Sources */ = {
			isa = PBXSourcesBuildPhase;
			buildActionMask = 2147483647;
			files = (
				D57E62382BD2CD7D003987E1 /* ArmBarnApp.swift in Sources */,
				D5EE0C482D11CFBE00374749 /* BullpenReportView.swift in Sources */,
				D57E62392BD2CD7D003987E1 /* global_variables.swift in Sources */,
				D57E623A2BD2CD7D003987E1 /* ScoreboardView.swift in Sources */,
				D57E623B2BD2CD7D003987E1 /* MainView.swift in Sources */,
				D57E623C2BD2CD7D003987E1 /* PitchLocationView.swift in Sources */,
				D58DAF152C45D38D003EFB2E /* FileNamePopUpView.swift in Sources */,
				D58FE76D2BD717DC004FC234 /* BatterPositionView.swift in Sources */,
				D5EE0C4A2D11CFD500374749 /* SettingsView.swift in Sources */,
				D57E623E2BD2CD7D003987E1 /* PitchResultView.swift in Sources */,
				D57E623F2BD2CD7D003987E1 /* OutDetailView.swift in Sources */,
				D57E62402BD2CD7D003987E1 /* HitDetailView.swift in Sources */,
				D57E62412BD2CD7D003987E1 /* AddPitcherView.swift in Sources */,
				D575388D2C776ABE00B7EBF7 /* BullpenMainView.swift in Sources */,
				D57E62422BD2CD7D003987E1 /* GameReportView.swift in Sources */,
				D57E62432BD2CD7D003987E1 /* GameContainerView.swift in Sources */,
				D5959D9D2BE5381B00FFDA0B /* TipView.swift in Sources */,
				D5064EEA2BDF180400F01886 /* VelocityInputView.swift in Sources */,
				D57E62442BD2CD7D003987E1 /* PopupAlertView.swift in Sources */,
				D57E62452BD2CD7D003987E1 /* report_variables.swift in Sources */,
				D57E62462BD2CD7D003987E1 /* SelectPitcherView.swift in Sources */,
				D57E62472BD2CD7D003987E1 /* StrikeoutAlertView.swift in Sources */,
			);
			runOnlyForDeploymentPostprocessing = 0;
		};
/* End PBXSourcesBuildPhase section */

/* Begin XCBuildConfiguration section */
		D5DD11272AF52FE80064F1A5 /* Debug */ = {
			isa = XCBuildConfiguration;
			buildSettings = {
				ALWAYS_SEARCH_USER_PATHS = NO;
				ASSETCATALOG_COMPILER_GENERATE_SWIFT_ASSET_SYMBOL_EXTENSIONS = YES;
				CLANG_ANALYZER_NONNULL = YES;
				CLANG_ANALYZER_NUMBER_OBJECT_CONVERSION = YES_AGGRESSIVE;
				CLANG_CXX_LANGUAGE_STANDARD = "gnu++20";
				CLANG_ENABLE_MODULES = YES;
				CLANG_ENABLE_OBJC_ARC = YES;
				CLANG_ENABLE_OBJC_WEAK = YES;
				CLANG_WARN_BLOCK_CAPTURE_AUTORELEASING = YES;
				CLANG_WARN_BOOL_CONVERSION = YES;
				CLANG_WARN_COMMA = YES;
				CLANG_WARN_CONSTANT_CONVERSION = YES;
				CLANG_WARN_DEPRECATED_OBJC_IMPLEMENTATIONS = YES;
				CLANG_WARN_DIRECT_OBJC_ISA_USAGE = YES_ERROR;
				CLANG_WARN_DOCUMENTATION_COMMENTS = YES;
				CLANG_WARN_EMPTY_BODY = YES;
				CLANG_WARN_ENUM_CONVERSION = YES;
				CLANG_WARN_INFINITE_RECURSION = YES;
				CLANG_WARN_INT_CONVERSION = YES;
				CLANG_WARN_NON_LITERAL_NULL_CONVERSION = YES;
				CLANG_WARN_OBJC_IMPLICIT_RETAIN_SELF = YES;
				CLANG_WARN_OBJC_LITERAL_CONVERSION = YES;
				CLANG_WARN_OBJC_ROOT_CLASS = YES_ERROR;
				CLANG_WARN_QUOTED_INCLUDE_IN_FRAMEWORK_HEADER = YES;
				CLANG_WARN_RANGE_LOOP_ANALYSIS = YES;
				CLANG_WARN_STRICT_PROTOTYPES = YES;
				CLANG_WARN_SUSPICIOUS_MOVE = YES;
				CLANG_WARN_UNGUARDED_AVAILABILITY = YES_AGGRESSIVE;
				CLANG_WARN_UNREACHABLE_CODE = YES;
				CLANG_WARN__DUPLICATE_METHOD_MATCH = YES;
				COPY_PHASE_STRIP = NO;
				DEBUG_INFORMATION_FORMAT = dwarf;
				ENABLE_STRICT_OBJC_MSGSEND = YES;
				ENABLE_TESTABILITY = YES;
				ENABLE_USER_SCRIPT_SANDBOXING = YES;
				GCC_C_LANGUAGE_STANDARD = gnu17;
				GCC_DYNAMIC_NO_PIC = NO;
				GCC_NO_COMMON_BLOCKS = YES;
				GCC_OPTIMIZATION_LEVEL = 0;
				GCC_PREPROCESSOR_DEFINITIONS = (
					"DEBUG=1",
					"$(inherited)",
				);
				GCC_WARN_64_TO_32_BIT_CONVERSION = YES;
				GCC_WARN_ABOUT_RETURN_TYPE = YES_ERROR;
				GCC_WARN_UNDECLARED_SELECTOR = YES;
				GCC_WARN_UNINITIALIZED_AUTOS = YES_AGGRESSIVE;
				GCC_WARN_UNUSED_FUNCTION = YES;
				GCC_WARN_UNUSED_VARIABLE = YES;
				IPHONEOS_DEPLOYMENT_TARGET = 17.0;
				LOCALIZATION_PREFERS_STRING_CATALOGS = YES;
				MTL_ENABLE_DEBUG_INFO = INCLUDE_SOURCE;
				MTL_FAST_MATH = YES;
				ONLY_ACTIVE_ARCH = YES;
				SDKROOT = iphoneos;
				SWIFT_ACTIVE_COMPILATION_CONDITIONS = "DEBUG $(inherited)";
				SWIFT_OPTIMIZATION_LEVEL = "-Onone";
			};
			name = Debug;
		};
		D5DD11282AF52FE80064F1A5 /* Release */ = {
			isa = XCBuildConfiguration;
			buildSettings = {
				ALWAYS_SEARCH_USER_PATHS = NO;
				ASSETCATALOG_COMPILER_GENERATE_SWIFT_ASSET_SYMBOL_EXTENSIONS = YES;
				CLANG_ANALYZER_NONNULL = YES;
				CLANG_ANALYZER_NUMBER_OBJECT_CONVERSION = YES_AGGRESSIVE;
				CLANG_CXX_LANGUAGE_STANDARD = "gnu++20";
				CLANG_ENABLE_MODULES = YES;
				CLANG_ENABLE_OBJC_ARC = YES;
				CLANG_ENABLE_OBJC_WEAK = YES;
				CLANG_WARN_BLOCK_CAPTURE_AUTORELEASING = YES;
				CLANG_WARN_BOOL_CONVERSION = YES;
				CLANG_WARN_COMMA = YES;
				CLANG_WARN_CONSTANT_CONVERSION = YES;
				CLANG_WARN_DEPRECATED_OBJC_IMPLEMENTATIONS = YES;
				CLANG_WARN_DIRECT_OBJC_ISA_USAGE = YES_ERROR;
				CLANG_WARN_DOCUMENTATION_COMMENTS = YES;
				CLANG_WARN_EMPTY_BODY = YES;
				CLANG_WARN_ENUM_CONVERSION = YES;
				CLANG_WARN_INFINITE_RECURSION = YES;
				CLANG_WARN_INT_CONVERSION = YES;
				CLANG_WARN_NON_LITERAL_NULL_CONVERSION = YES;
				CLANG_WARN_OBJC_IMPLICIT_RETAIN_SELF = YES;
				CLANG_WARN_OBJC_LITERAL_CONVERSION = YES;
				CLANG_WARN_OBJC_ROOT_CLASS = YES_ERROR;
				CLANG_WARN_QUOTED_INCLUDE_IN_FRAMEWORK_HEADER = YES;
				CLANG_WARN_RANGE_LOOP_ANALYSIS = YES;
				CLANG_WARN_STRICT_PROTOTYPES = YES;
				CLANG_WARN_SUSPICIOUS_MOVE = YES;
				CLANG_WARN_UNGUARDED_AVAILABILITY = YES_AGGRESSIVE;
				CLANG_WARN_UNREACHABLE_CODE = YES;
				CLANG_WARN__DUPLICATE_METHOD_MATCH = YES;
				COPY_PHASE_STRIP = NO;
				DEBUG_INFORMATION_FORMAT = "dwarf-with-dsym";
				ENABLE_NS_ASSERTIONS = NO;
				ENABLE_STRICT_OBJC_MSGSEND = YES;
				ENABLE_USER_SCRIPT_SANDBOXING = YES;
				GCC_C_LANGUAGE_STANDARD = gnu17;
				GCC_NO_COMMON_BLOCKS = YES;
				GCC_WARN_64_TO_32_BIT_CONVERSION = YES;
				GCC_WARN_ABOUT_RETURN_TYPE = YES_ERROR;
				GCC_WARN_UNDECLARED_SELECTOR = YES;
				GCC_WARN_UNINITIALIZED_AUTOS = YES_AGGRESSIVE;
				GCC_WARN_UNUSED_FUNCTION = YES;
				GCC_WARN_UNUSED_VARIABLE = YES;
				IPHONEOS_DEPLOYMENT_TARGET = 17.0;
				LOCALIZATION_PREFERS_STRING_CATALOGS = YES;
				MTL_ENABLE_DEBUG_INFO = NO;
				MTL_FAST_MATH = YES;
				SDKROOT = iphoneos;
				SWIFT_COMPILATION_MODE = wholemodule;
				VALIDATE_PRODUCT = YES;
			};
			name = Release;
		};
		D5DD112A2AF52FE80064F1A5 /* Debug */ = {
			isa = XCBuildConfiguration;
			buildSettings = {
				ASSETCATALOG_COMPILER_APPICON_NAME = AppIcon;
				ASSETCATALOG_COMPILER_GLOBAL_ACCENT_COLOR_NAME = AccentColor;
				CODE_SIGN_STYLE = Automatic;
				CURRENT_PROJECT_VERSION = 1;
				DEVELOPMENT_ASSET_PATHS = "\"ArmBarn/Preview Content\"";
				DEVELOPMENT_TEAM = W28AWUPDAN;
				ENABLE_PREVIEWS = YES;
				GENERATE_INFOPLIST_FILE = YES;
				INFOPLIST_FILE = ArmBarn/Info.plist;
				INFOPLIST_KEY_LSApplicationCategoryType = "public.app-category.sports";
				INFOPLIST_KEY_UIApplicationSceneManifest_Generation = YES;
				INFOPLIST_KEY_UIApplicationSupportsIndirectInputEvents = YES;
				INFOPLIST_KEY_UISupportedInterfaceOrientations = UIInterfaceOrientationPortrait;
				LD_RUNPATH_SEARCH_PATHS = (
					"$(inherited)",
					"@executable_path/Frameworks",
				);
				MARKETING_VERSION = 1.3.1;
				PRODUCT_BUNDLE_IDENTIFIER = "LGT-Productions.ArmBarn";
				PRODUCT_NAME = "$(TARGET_NAME)";
				SWIFT_EMIT_LOC_STRINGS = YES;
				SWIFT_VERSION = 5.0;
				TARGETED_DEVICE_FAMILY = 1;
			};
			name = Debug;
		};
		D5DD112B2AF52FE80064F1A5 /* Release */ = {
			isa = XCBuildConfiguration;
			buildSettings = {
				ASSETCATALOG_COMPILER_APPICON_NAME = AppIcon;
				ASSETCATALOG_COMPILER_GLOBAL_ACCENT_COLOR_NAME = AccentColor;
				CODE_SIGN_STYLE = Automatic;
				CURRENT_PROJECT_VERSION = 1;
				DEVELOPMENT_ASSET_PATHS = "\"ArmBarn/Preview Content\"";
				DEVELOPMENT_TEAM = W28AWUPDAN;
				ENABLE_PREVIEWS = YES;
				GENERATE_INFOPLIST_FILE = YES;
				INFOPLIST_FILE = ArmBarn/Info.plist;
				INFOPLIST_KEY_LSApplicationCategoryType = "public.app-category.sports";
				INFOPLIST_KEY_UIApplicationSceneManifest_Generation = YES;
				INFOPLIST_KEY_UIApplicationSupportsIndirectInputEvents = YES;
				INFOPLIST_KEY_UISupportedInterfaceOrientations = UIInterfaceOrientationPortrait;
				LD_RUNPATH_SEARCH_PATHS = (
					"$(inherited)",
					"@executable_path/Frameworks",
				);
				MARKETING_VERSION = 1.3.1;
				PRODUCT_BUNDLE_IDENTIFIER = "LGT-Productions.ArmBarn";
				PRODUCT_NAME = "$(TARGET_NAME)";
				SWIFT_EMIT_LOC_STRINGS = YES;
				SWIFT_VERSION = 5.0;
				TARGETED_DEVICE_FAMILY = 1;
			};
			name = Release;
		};
/* End XCBuildConfiguration section */

/* Begin XCConfigurationList section */
		D5DD11162AF52FE60064F1A5 /* Build configuration list for PBXProject "ArmBarn" */ = {
			isa = XCConfigurationList;
			buildConfigurations = (
				D5DD11272AF52FE80064F1A5 /* Debug */,
				D5DD11282AF52FE80064F1A5 /* Release */,
			);
			defaultConfigurationIsVisible = 0;
			defaultConfigurationName = Release;
		};
		D5DD11292AF52FE80064F1A5 /* Build configuration list for PBXNativeTarget "ArmBarn" */ = {
			isa = XCConfigurationList;
			buildConfigurations = (
				D5DD112A2AF52FE80064F1A5 /* Debug */,
				D5DD112B2AF52FE80064F1A5 /* Release */,
			);
			defaultConfigurationIsVisible = 0;
			defaultConfigurationName = Release;
		};
/* End XCConfigurationList section */
	};
	rootObject = D5DD11132AF52FE60064F1A5 /* Project object */;
}
