// !$*UTF8*$!
{
	archiveVersion = 1;
	classes = {
	};
	objectVersion = 56;
	objects = {

/* Begin PBXBuildFile section */
		D509EDE52DDF9C3400B57047 /* LiveStatsView.swift in Sources */ = {isa = PBXBuildFile; fileRef = D509EDE42DDF9C3400B57047 /* LiveStatsView.swift */; };
		D51E9E402CFE19D000173322 /* Assets.xcassets in Resources */ = {isa = PBXBuildFile; fileRef = D51E9E3F2CFE19D000173322 /* Assets.xcassets */; };
		D535E6862DAFCFD400927E38 /* TabBarContentView.swift in Sources */ = {isa = PBXBuildFile; fileRef = D535E6852DAFCFD400927E38 /* TabBarContentView.swift */; };
		D54A48F92D64DF470007EDD5 /* GameDataGameLogView.swift in Sources */ = {isa = PBXBuildFile; fileRef = D54A48F82D64DF470007EDD5 /* GameDataGameLogView.swift */; };
		D54D66E42D6006FE00832995 /* ArmBarnApp.swift in Sources */ = {isa = PBXBuildFile; fileRef = D5DD111E2AF52FE70064F1A5 /* ArmBarnApp.swift */; };
		D54D66E52D6006FE00832995 /* Assets.xcassets in Sources */ = {isa = PBXBuildFile; fileRef = D51E9E3F2CFE19D000173322 /* Assets.xcassets */; };
		D54D66E82D6006FE00832995 /* MainView.swift in Sources */ = {isa = PBXBuildFile; fileRef = D5DD11202AF52FE70064F1A5 /* MainView.swift */; };
		D54D66E92D6006FE00832995 /* MainContainerView.swift in Sources */ = {isa = PBXBuildFile; fileRef = D5C6DE202BD2C52D00C64555 /* MainContainerView.swift */; };
		D54D66F82D6006FE00832995 /* SavedGamesView.swift in Sources */ = {isa = PBXBuildFile; fileRef = D5743E1F2D56C28200B773A5 /* SavedGamesView.swift */; };
		D5542B9F2D6008BC00A8607E /* GameReportView.swift in Sources */ = {isa = PBXBuildFile; fileRef = D5542B9E2D6008BC00A8607E /* GameReportView.swift */; };
		D5542BA12D6008DB00A8607E /* GameDataSummaryView.swift in Sources */ = {isa = PBXBuildFile; fileRef = D5542BA02D6008DB00A8607E /* GameDataSummaryView.swift */; };
		D5726AD92DAD9EF9003EAFB8 /* MainDashboardView.swift in Sources */ = {isa = PBXBuildFile; fileRef = D5726AD72DAD9EF9003EAFB8 /* MainDashboardView.swift */; };
		D5726ADB2DAD9FB6003EAFB8 /* PitchTypeSelectView.swift in Sources */ = {isa = PBXBuildFile; fileRef = D5726ADA2DAD9FB6003EAFB8 /* PitchTypeSelectView.swift */; };
		D5726AE32DAD9FE7003EAFB8 /* StrikeResultView.swift in Sources */ = {isa = PBXBuildFile; fileRef = D5726AE12DAD9FE7003EAFB8 /* StrikeResultView.swift */; };
		D5726AE42DAD9FE7003EAFB8 /* LocationNavigationView.swift in Sources */ = {isa = PBXBuildFile; fileRef = D5726ADD2DAD9FE7003EAFB8 /* LocationNavigationView.swift */; };
		D5726AE52DAD9FE7003EAFB8 /* OutResultView.swift in Sources */ = {isa = PBXBuildFile; fileRef = D5726ADE2DAD9FE7003EAFB8 /* OutResultView.swift */; };
		D5726AE62DAD9FE7003EAFB8 /* PitchResultMKIIView.swift in Sources */ = {isa = PBXBuildFile; fileRef = D5726ADF2DAD9FE7003EAFB8 /* PitchResultMKIIView.swift */; };
		D5726AE72DAD9FE7003EAFB8 /* HitResultView.swift in Sources */ = {isa = PBXBuildFile; fileRef = D5726ADC2DAD9FE7003EAFB8 /* HitResultView.swift */; };
		D57607C12D9992790058074D /* global_variables.swift in Sources */ = {isa = PBXBuildFile; fileRef = D57607BE2D9992790058074D /* global_variables.swift */; };
		D57607C22D9992790058074D /* report_variables.swift in Sources */ = {isa = PBXBuildFile; fileRef = D57607BF2D9992790058074D /* report_variables.swift */; };
		D57607C62D9993AB0058074D /* SavePopUpView.swift in Sources */ = {isa = PBXBuildFile; fileRef = D57607C52D9993AB0058074D /* SavePopUpView.swift */; };
		D57607CD2D9994690058074D /* PitchLocationView.swift in Sources */ = {isa = PBXBuildFile; fileRef = D57607CA2D9994690058074D /* PitchLocationView.swift */; };
		D57607CE2D9994690058074D /* HitDetailView.swift in Sources */ = {isa = PBXBuildFile; fileRef = D57607C82D9994690058074D /* HitDetailView.swift */; };
		D57607CF2D9994690058074D /* VelocityInputView.swift in Sources */ = {isa = PBXBuildFile; fileRef = D57607CC2D9994690058074D /* VelocityInputView.swift */; };
		D57607D02D9994690058074D /* PitchResultView.swift in Sources */ = {isa = PBXBuildFile; fileRef = D57607CB2D9994690058074D /* PitchResultView.swift */; };
		D57607D12D9994690058074D /* BatterPositionView.swift in Sources */ = {isa = PBXBuildFile; fileRef = D57607C72D9994690058074D /* BatterPositionView.swift */; };
		D57607D22D9994690058074D /* OutDetailView.swift in Sources */ = {isa = PBXBuildFile; fileRef = D57607C92D9994690058074D /* OutDetailView.swift */; };
		D57607DA2D9AB0D10058074D /* ABSummaryPopUp.swift in Sources */ = {isa = PBXBuildFile; fileRef = D57607D92D9AB0D10058074D /* ABSummaryPopUp.swift */; };
		D57607E02D9AB1190058074D /* SelectPitcherView.swift in Sources */ = {isa = PBXBuildFile; fileRef = D57607DD2D9AB1190058074D /* SelectPitcherView.swift */; };
		D57607E12D9AB1190058074D /* TipView.swift in Sources */ = {isa = PBXBuildFile; fileRef = D57607DF2D9AB1190058074D /* TipView.swift */; };
		D57607E22D9AB1190058074D /* ScoreboardView.swift in Sources */ = {isa = PBXBuildFile; fileRef = D57607DC2D9AB1190058074D /* ScoreboardView.swift */; };
		D57607E32D9AB1190058074D /* SettingsView.swift in Sources */ = {isa = PBXBuildFile; fileRef = D57607DE2D9AB1190058074D /* SettingsView.swift */; };
		D57607E42D9AB1190058074D /* AddPitcherView.swift in Sources */ = {isa = PBXBuildFile; fileRef = D57607DB2D9AB1190058074D /* AddPitcherView.swift */; };
		D57607EB2D9AB1E70058074D /* StrikeoutAlertView.swift in Sources */ = {isa = PBXBuildFile; fileRef = D57607E82D9AB1E70058074D /* StrikeoutAlertView.swift */; };
		D57607EC2D9AB1E70058074D /* EditFileNamePopUpView.swift in Sources */ = {isa = PBXBuildFile; fileRef = D57607E52D9AB1E70058074D /* EditFileNamePopUpView.swift */; };
		D57607ED2D9AB1E70058074D /* XInfoPopUpView.swift in Sources */ = {isa = PBXBuildFile; fileRef = D57607E92D9AB1E70058074D /* XInfoPopUpView.swift */; };
		D57607EE2D9AB1E70058074D /* XPopupAlertView.swift in Sources */ = {isa = PBXBuildFile; fileRef = D57607EA2D9AB1E70058074D /* XPopupAlertView.swift */; };
		D57607EF2D9AB1E70058074D /* FileNamePopUpView.swift in Sources */ = {isa = PBXBuildFile; fileRef = D57607E62D9AB1E70058074D /* FileNamePopUpView.swift */; };
		D57607F02D9AB1E70058074D /* PopupAlertView.swift in Sources */ = {isa = PBXBuildFile; fileRef = D57607E72D9AB1E70058074D /* PopupAlertView.swift */; };
		D5886DFC2DE4A938001BF869 /* LiveGameLogView.swift in Sources */ = {isa = PBXBuildFile; fileRef = D5886DFB2DE4A938001BF869 /* LiveGameLogView.swift */; };
		D5886DFE2DE4ACF8001BF869 /* LiveStatsContainer.swift in Sources */ = {isa = PBXBuildFile; fileRef = D5886DFD2DE4ACF8001BF869 /* LiveStatsContainer.swift */; };
		D58E1BDF2D6394670007E4A2 /* SavedGameMainView.swift in Sources */ = {isa = PBXBuildFile; fileRef = D58E1BDE2D6394670007E4A2 /* SavedGameMainView.swift */; };
		D593023A2DC0F9D400E285E0 /* VelocityNavPlaceholder.swift in Sources */ = {isa = PBXBuildFile; fileRef = D59302392DC0F9D400E285E0 /* VelocityNavPlaceholder.swift */; };
		D593023C2DC0F9FD00E285E0 /* TwoInputXPopUp.swift in Sources */ = {isa = PBXBuildFile; fileRef = D593023B2DC0F9FD00E285E0 /* TwoInputXPopUp.swift */; };
		D593023E2DC1440500E285E0 /* GameInfoPopUp.swift in Sources */ = {isa = PBXBuildFile; fileRef = D593023D2DC1440500E285E0 /* GameInfoPopUp.swift */; };
		D59302402DC2754A00E285E0 /* ZeroInputXPopUp.swift in Sources */ = {isa = PBXBuildFile; fileRef = D593023F2DC2754A00E285E0 /* ZeroInputXPopUp.swift */; };
		D59302542DC8FF0700E285E0 /* StrikeoutResultView.swift in Sources */ = {isa = PBXBuildFile; fileRef = D59302532DC8FF0700E285E0 /* StrikeoutResultView.swift */; };
		D593027C2DD2390900E285E0 /* TabBarMKIIView.swift in Sources */ = {isa = PBXBuildFile; fileRef = D593027B2DD2390900E285E0 /* TabBarMKIIView.swift */; };
		D5DD11262AF52FE80064F1A5 /* Preview Assets.xcassets in Resources */ = {isa = PBXBuildFile; fileRef = D5DD11252AF52FE80064F1A5 /* Preview Assets.xcassets */; };
/* End PBXBuildFile section */

/* Begin PBXFileReference section */
		D509EDE42DDF9C3400B57047 /* LiveStatsView.swift */ = {isa = PBXFileReference; lastKnownFileType = sourcecode.swift; path = LiveStatsView.swift; sourceTree = "<group>"; };
		D51E9E3F2CFE19D000173322 /* Assets.xcassets */ = {isa = PBXFileReference; lastKnownFileType = folder.assetcatalog; path = Assets.xcassets; sourceTree = "<group>"; };
		D535E6852DAFCFD400927E38 /* TabBarContentView.swift */ = {isa = PBXFileReference; lastKnownFileType = sourcecode.swift; path = TabBarContentView.swift; sourceTree = "<group>"; };
		D54A48F82D64DF470007EDD5 /* GameDataGameLogView.swift */ = {isa = PBXFileReference; lastKnownFileType = sourcecode.swift; path = GameDataGameLogView.swift; sourceTree = "<group>"; };
		D5542B9E2D6008BC00A8607E /* GameReportView.swift */ = {isa = PBXFileReference; lastKnownFileType = sourcecode.swift; path = GameReportView.swift; sourceTree = "<group>"; };
		D5542BA02D6008DB00A8607E /* GameDataSummaryView.swift */ = {isa = PBXFileReference; lastKnownFileType = sourcecode.swift; path = GameDataSummaryView.swift; sourceTree = "<group>"; };
		D5726AD72DAD9EF9003EAFB8 /* MainDashboardView.swift */ = {isa = PBXFileReference; lastKnownFileType = sourcecode.swift; path = MainDashboardView.swift; sourceTree = "<group>"; };
		D5726ADA2DAD9FB6003EAFB8 /* PitchTypeSelectView.swift */ = {isa = PBXFileReference; lastKnownFileType = sourcecode.swift; path = PitchTypeSelectView.swift; sourceTree = "<group>"; };
		D5726ADC2DAD9FE7003EAFB8 /* HitResultView.swift */ = {isa = PBXFileReference; lastKnownFileType = sourcecode.swift; path = HitResultView.swift; sourceTree = "<group>"; };
		D5726ADD2DAD9FE7003EAFB8 /* LocationNavigationView.swift */ = {isa = PBXFileReference; lastKnownFileType = sourcecode.swift; path = LocationNavigationView.swift; sourceTree = "<group>"; };
		D5726ADE2DAD9FE7003EAFB8 /* OutResultView.swift */ = {isa = PBXFileReference; lastKnownFileType = sourcecode.swift; path = OutResultView.swift; sourceTree = "<group>"; };
		D5726ADF2DAD9FE7003EAFB8 /* PitchResultMKIIView.swift */ = {isa = PBXFileReference; lastKnownFileType = sourcecode.swift; path = PitchResultMKIIView.swift; sourceTree = "<group>"; };
		D5726AE12DAD9FE7003EAFB8 /* StrikeResultView.swift */ = {isa = PBXFileReference; lastKnownFileType = sourcecode.swift; path = StrikeResultView.swift; sourceTree = "<group>"; };
		D5743E1F2D56C28200B773A5 /* SavedGamesView.swift */ = {isa = PBXFileReference; lastKnownFileType = sourcecode.swift; path = SavedGamesView.swift; sourceTree = "<group>"; };
		D57607B42D998F3A0058074D /* BullpenMainView.swift */ = {isa = PBXFileReference; lastKnownFileType = sourcecode.swift; path = BullpenMainView.swift; sourceTree = "<group>"; };
		D57607B52D998F3A0058074D /* BullpenReportView.swift */ = {isa = PBXFileReference; lastKnownFileType = sourcecode.swift; path = BullpenReportView.swift; sourceTree = "<group>"; };
		D57607BE2D9992790058074D /* global_variables.swift */ = {isa = PBXFileReference; lastKnownFileType = sourcecode.swift; path = global_variables.swift; sourceTree = "<group>"; };
		D57607BF2D9992790058074D /* report_variables.swift */ = {isa = PBXFileReference; lastKnownFileType = sourcecode.swift; path = report_variables.swift; sourceTree = "<group>"; };
		D57607C52D9993AB0058074D /* SavePopUpView.swift */ = {isa = PBXFileReference; lastKnownFileType = sourcecode.swift; path = SavePopUpView.swift; sourceTree = "<group>"; };
		D57607C72D9994690058074D /* BatterPositionView.swift */ = {isa = PBXFileReference; lastKnownFileType = sourcecode.swift; path = BatterPositionView.swift; sourceTree = "<group>"; };
		D57607C82D9994690058074D /* HitDetailView.swift */ = {isa = PBXFileReference; lastKnownFileType = sourcecode.swift; path = HitDetailView.swift; sourceTree = "<group>"; };
		D57607C92D9994690058074D /* OutDetailView.swift */ = {isa = PBXFileReference; lastKnownFileType = sourcecode.swift; path = OutDetailView.swift; sourceTree = "<group>"; };
		D57607CA2D9994690058074D /* PitchLocationView.swift */ = {isa = PBXFileReference; lastKnownFileType = sourcecode.swift; path = PitchLocationView.swift; sourceTree = "<group>"; };
		D57607CB2D9994690058074D /* PitchResultView.swift */ = {isa = PBXFileReference; lastKnownFileType = sourcecode.swift; path = PitchResultView.swift; sourceTree = "<group>"; };
		D57607CC2D9994690058074D /* VelocityInputView.swift */ = {isa = PBXFileReference; lastKnownFileType = sourcecode.swift; path = VelocityInputView.swift; sourceTree = "<group>"; };
		D57607D92D9AB0D10058074D /* ABSummaryPopUp.swift */ = {isa = PBXFileReference; lastKnownFileType = sourcecode.swift; path = ABSummaryPopUp.swift; sourceTree = "<group>"; };
		D57607DB2D9AB1190058074D /* AddPitcherView.swift */ = {isa = PBXFileReference; lastKnownFileType = sourcecode.swift; path = AddPitcherView.swift; sourceTree = "<group>"; };
		D57607DC2D9AB1190058074D /* ScoreboardView.swift */ = {isa = PBXFileReference; lastKnownFileType = sourcecode.swift; path = ScoreboardView.swift; sourceTree = "<group>"; };
		D57607DD2D9AB1190058074D /* SelectPitcherView.swift */ = {isa = PBXFileReference; lastKnownFileType = sourcecode.swift; path = SelectPitcherView.swift; sourceTree = "<group>"; };
		D57607DE2D9AB1190058074D /* SettingsView.swift */ = {isa = PBXFileReference; lastKnownFileType = sourcecode.swift; path = SettingsView.swift; sourceTree = "<group>"; };
		D57607DF2D9AB1190058074D /* TipView.swift */ = {isa = PBXFileReference; lastKnownFileType = sourcecode.swift; path = TipView.swift; sourceTree = "<group>"; };
		D57607E52D9AB1E70058074D /* EditFileNamePopUpView.swift */ = {isa = PBXFileReference; lastKnownFileType = sourcecode.swift; path = EditFileNamePopUpView.swift; sourceTree = "<group>"; };
		D57607E62D9AB1E70058074D /* FileNamePopUpView.swift */ = {isa = PBXFileReference; lastKnownFileType = sourcecode.swift; path = FileNamePopUpView.swift; sourceTree = "<group>"; };
		D57607E72D9AB1E70058074D /* PopupAlertView.swift */ = {isa = PBXFileReference; lastKnownFileType = sourcecode.swift; path = PopupAlertView.swift; sourceTree = "<group>"; };
		D57607E82D9AB1E70058074D /* StrikeoutAlertView.swift */ = {isa = PBXFileReference; lastKnownFileType = sourcecode.swift; path = StrikeoutAlertView.swift; sourceTree = "<group>"; };
		D57607E92D9AB1E70058074D /* XInfoPopUpView.swift */ = {isa = PBXFileReference; lastKnownFileType = sourcecode.swift; path = XInfoPopUpView.swift; sourceTree = "<group>"; };
		D57607EA2D9AB1E70058074D /* XPopupAlertView.swift */ = {isa = PBXFileReference; lastKnownFileType = sourcecode.swift; path = XPopupAlertView.swift; sourceTree = "<group>"; };
		D5886DFB2DE4A938001BF869 /* LiveGameLogView.swift */ = {isa = PBXFileReference; lastKnownFileType = sourcecode.swift; path = LiveGameLogView.swift; sourceTree = "<group>"; };
		D5886DFD2DE4ACF8001BF869 /* LiveStatsContainer.swift */ = {isa = PBXFileReference; lastKnownFileType = sourcecode.swift; path = LiveStatsContainer.swift; sourceTree = "<group>"; };
		D58E1BDE2D6394670007E4A2 /* SavedGameMainView.swift */ = {isa = PBXFileReference; lastKnownFileType = sourcecode.swift; path = SavedGameMainView.swift; sourceTree = "<group>"; };
		D59302392DC0F9D400E285E0 /* VelocityNavPlaceholder.swift */ = {isa = PBXFileReference; lastKnownFileType = sourcecode.swift; path = VelocityNavPlaceholder.swift; sourceTree = "<group>"; };
		D593023B2DC0F9FD00E285E0 /* TwoInputXPopUp.swift */ = {isa = PBXFileReference; lastKnownFileType = sourcecode.swift; path = TwoInputXPopUp.swift; sourceTree = "<group>"; };
		D593023D2DC1440500E285E0 /* GameInfoPopUp.swift */ = {isa = PBXFileReference; lastKnownFileType = sourcecode.swift; path = GameInfoPopUp.swift; sourceTree = "<group>"; };
		D593023F2DC2754A00E285E0 /* ZeroInputXPopUp.swift */ = {isa = PBXFileReference; lastKnownFileType = sourcecode.swift; path = ZeroInputXPopUp.swift; sourceTree = "<group>"; };
		D59302532DC8FF0700E285E0 /* StrikeoutResultView.swift */ = {isa = PBXFileReference; lastKnownFileType = sourcecode.swift; path = StrikeoutResultView.swift; sourceTree = "<group>"; };
		D593027B2DD2390900E285E0 /* TabBarMKIIView.swift */ = {isa = PBXFileReference; lastKnownFileType = sourcecode.swift; path = TabBarMKIIView.swift; sourceTree = "<group>"; };
		D5C6DE202BD2C52D00C64555 /* MainContainerView.swift */ = {isa = PBXFileReference; fileEncoding = 4; lastKnownFileType = sourcecode.swift; path = MainContainerView.swift; sourceTree = "<group>"; };
		D5DD111B2AF52FE60064F1A5 /* ArmBarn.app */ = {isa = PBXFileReference; explicitFileType = wrapper.application; includeInIndex = 0; path = ArmBarn.app; sourceTree = BUILT_PRODUCTS_DIR; };
		D5DD111E2AF52FE70064F1A5 /* ArmBarnApp.swift */ = {isa = PBXFileReference; lastKnownFileType = sourcecode.swift; path = ArmBarnApp.swift; sourceTree = "<group>"; };
		D5DD11202AF52FE70064F1A5 /* MainView.swift */ = {isa = PBXFileReference; lastKnownFileType = sourcecode.swift; path = MainView.swift; sourceTree = "<group>"; };
		D5DD11252AF52FE80064F1A5 /* Preview Assets.xcassets */ = {isa = PBXFileReference; lastKnownFileType = folder.assetcatalog; path = "Preview Assets.xcassets"; sourceTree = "<group>"; };
/* End PBXFileReference section */

/* Begin PBXFrameworksBuildPhase section */
		D5DD11182AF52FE60064F1A5 /* Frameworks */ = {
			isa = PBXFrameworksBuildPhase;
			buildActionMask = 2147483647;
			files = (
			);
			runOnlyForDeploymentPostprocessing = 0;
		};
/* End PBXFrameworksBuildPhase section */

/* Begin PBXGroup section */
		D5726AD82DAD9EF9003EAFB8 /* New Components */ = {
			isa = PBXGroup;
			children = (
				D535E6852DAFCFD400927E38 /* TabBarContentView.swift */,
				D593027B2DD2390900E285E0 /* TabBarMKIIView.swift */,
				D5726ADA2DAD9FB6003EAFB8 /* PitchTypeSelectView.swift */,
				D5726ADC2DAD9FE7003EAFB8 /* HitResultView.swift */,
				D5726ADD2DAD9FE7003EAFB8 /* LocationNavigationView.swift */,
				D5726ADE2DAD9FE7003EAFB8 /* OutResultView.swift */,
				D5726ADF2DAD9FE7003EAFB8 /* PitchResultMKIIView.swift */,
				D5726AE12DAD9FE7003EAFB8 /* StrikeResultView.swift */,
				D5726AD72DAD9EF9003EAFB8 /* MainDashboardView.swift */,
				D593023D2DC1440500E285E0 /* GameInfoPopUp.swift */,
				D59302392DC0F9D400E285E0 /* VelocityNavPlaceholder.swift */,
				D593023B2DC0F9FD00E285E0 /* TwoInputXPopUp.swift */,
				D593023F2DC2754A00E285E0 /* ZeroInputXPopUp.swift */,
				D59302532DC8FF0700E285E0 /* StrikeoutResultView.swift */,
				D509EDE42DDF9C3400B57047 /* LiveStatsView.swift */,
				D5886DFD2DE4ACF8001BF869 /* LiveStatsContainer.swift */,
				D5886DFB2DE4A938001BF869 /* LiveGameLogView.swift */,
			);
			path = "New Components";
			sourceTree = "<group>";
		};
		D57607B92D998F890058074D /* Bullpen */ = {
			isa = PBXGroup;
			children = (
				D57607B52D998F3A0058074D /* BullpenReportView.swift */,
				D57607B42D998F3A0058074D /* BullpenMainView.swift */,
			);
			path = Bullpen;
			sourceTree = "<group>";
		};
		D57607BA2D9990A80058074D /* In-Game Reporting */ = {
			isa = PBXGroup;
			children = (
				D5542B9E2D6008BC00A8607E /* GameReportView.swift */,
			);
			path = "In-Game Reporting";
			sourceTree = "<group>";
		};
		D57607BB2D9991980058074D /* Event Input */ = {
			isa = PBXGroup;
			children = (
				D57607C72D9994690058074D /* BatterPositionView.swift */,
				D57607C82D9994690058074D /* HitDetailView.swift */,
				D57607C92D9994690058074D /* OutDetailView.swift */,
				D57607CA2D9994690058074D /* PitchLocationView.swift */,
				D57607CB2D9994690058074D /* PitchResultView.swift */,
				D57607CC2D9994690058074D /* VelocityInputView.swift */,
			);
			path = "Event Input";
			sourceTree = "<group>";
		};
		D57607BC2D9991E10058074D /* Saved Games */ = {
			isa = PBXGroup;
			children = (
				D57607D92D9AB0D10058074D /* ABSummaryPopUp.swift */,
				D5542BA02D6008DB00A8607E /* GameDataSummaryView.swift */,
				D54A48F82D64DF470007EDD5 /* GameDataGameLogView.swift */,
				D5743E1F2D56C28200B773A5 /* SavedGamesView.swift */,
				D58E1BDE2D6394670007E4A2 /* SavedGameMainView.swift */,
			);
			path = "Saved Games";
			sourceTree = "<group>";
		};
		D57607BD2D99923F0058074D /* Shared */ = {
			isa = PBXGroup;
			children = (
				D57607DB2D9AB1190058074D /* AddPitcherView.swift */,
				D57607DC2D9AB1190058074D /* ScoreboardView.swift */,
				D57607DD2D9AB1190058074D /* SelectPitcherView.swift */,
				D57607DE2D9AB1190058074D /* SettingsView.swift */,
				D57607DF2D9AB1190058074D /* TipView.swift */,
				D57607C32D9992AF0058074D /* Popup Views */,
			);
			path = Shared;
			sourceTree = "<group>";
		};
		D57607C02D9992790058074D /* Models */ = {
			isa = PBXGroup;
			children = (
				D57607BE2D9992790058074D /* global_variables.swift */,
				D57607BF2D9992790058074D /* report_variables.swift */,
			);
			path = Models;
			sourceTree = "<group>";
		};
		D57607C32D9992AF0058074D /* Popup Views */ = {
			isa = PBXGroup;
			children = (
				D57607E52D9AB1E70058074D /* EditFileNamePopUpView.swift */,
				D57607E62D9AB1E70058074D /* FileNamePopUpView.swift */,
				D57607E72D9AB1E70058074D /* PopupAlertView.swift */,
				D57607C52D9993AB0058074D /* SavePopUpView.swift */,
				D57607E82D9AB1E70058074D /* StrikeoutAlertView.swift */,
				D57607E92D9AB1E70058074D /* XInfoPopUpView.swift */,
				D57607EA2D9AB1E70058074D /* XPopupAlertView.swift */,
			);
			path = "Popup Views";
			sourceTree = "<group>";
		};
		D5DD11122AF52FE60064F1A5 = {
			isa = PBXGroup;
			children = (
				D5DD111D2AF52FE70064F1A5 /* ArmBarn */,
				D5DD111C2AF52FE60064F1A5 /* Products */,
			);
			sourceTree = "<group>";
		};
		D5DD111C2AF52FE60064F1A5 /* Products */ = {
			isa = PBXGroup;
			children = (
				D5DD111B2AF52FE60064F1A5 /* ArmBarn.app */,
			);
			name = Products;
			sourceTree = "<group>";
		};
		D5DD111D2AF52FE70064F1A5 /* ArmBarn */ = {
			isa = PBXGroup;
			children = (
				D51E9E3F2CFE19D000173322 /* Assets.xcassets */,
				D5DD111E2AF52FE70064F1A5 /* ArmBarnApp.swift */,
				D5DD11202AF52FE70064F1A5 /* MainView.swift */,
				D5C6DE202BD2C52D00C64555 /* MainContainerView.swift */,
				D5726AD82DAD9EF9003EAFB8 /* New Components */,
				D57607BB2D9991980058074D /* Event Input */,
				D57607BA2D9990A80058074D /* In-Game Reporting */,
				D57607BC2D9991E10058074D /* Saved Games */,
				D57607BD2D99923F0058074D /* Shared */,
				D57607C02D9992790058074D /* Models */,
				D57607B92D998F890058074D /* Bullpen */,
				D5DD11242AF52FE80064F1A5 /* Preview Content */,
			);
			path = ArmBarn;
			sourceTree = "<group>";
		};
		D5DD11242AF52FE80064F1A5 /* Preview Content */ = {
			isa = PBXGroup;
			children = (
				D5DD11252AF52FE80064F1A5 /* Preview Assets.xcassets */,
			);
			path = "Preview Content";
			sourceTree = "<group>";
		};
/* End PBXGroup section */

/* Begin PBXNativeTarget section */
		D5DD111A2AF52FE60064F1A5 /* ArmBarn */ = {
			isa = PBXNativeTarget;
			buildConfigurationList = D5DD11292AF52FE80064F1A5 /* Build configuration list for PBXNativeTarget "ArmBarn" */;
			buildPhases = (
				D5DD11182AF52FE60064F1A5 /* Frameworks */,
				D5DD11192AF52FE60064F1A5 /* Resources */,
				D54D66E32D6006ED00832995 /* Sources */,
			);
			buildRules = (
			);
			dependencies = (
			);
			name = ArmBarn;
			productName = ArmBarn;
			productReference = D5DD111B2AF52FE60064F1A5 /* ArmBarn.app */;
			productType = "com.apple.product-type.application";
		};
/* End PBXNativeTarget section */

/* Begin PBXProject section */
		D5DD11132AF52FE60064F1A5 /* Project object */ = {
			isa = PBXProject;
			attributes = {
				BuildIndependentTargetsInParallel = 1;
				LastSwiftUpdateCheck = 1500;
				LastUpgradeCheck = 1500;
				TargetAttributes = {
					D5DD111A2AF52FE60064F1A5 = {
						CreatedOnToolsVersion = 15.0.1;
					};
				};
			};
			buildConfigurationList = D5DD11162AF52FE60064F1A5 /* Build configuration list for PBXProject "ArmBarn" */;
			compatibilityVersion = "Xcode 14.0";
			developmentRegion = en;
			hasScannedForEncodings = 0;
			knownRegions = (
				en,
				Base,
			);
			mainGroup = D5DD11122AF52FE60064F1A5;
			productRefGroup = D5DD111C2AF52FE60064F1A5 /* Products */;
			projectDirPath = "";
			projectRoot = "";
			targets = (
				D5DD111A2AF52FE60064F1A5 /* ArmBarn */,
			);
		};
/* End PBXProject section */

/* Begin PBXResourcesBuildPhase section */
		D5DD11192AF52FE60064F1A5 /* Resources */ = {
			isa = PBXResourcesBuildPhase;
			buildActionMask = 2147483647;
			files = (
				D51E9E402CFE19D000173322 /* Assets.xcassets in Resources */,
				D5DD11262AF52FE80064F1A5 /* Preview Assets.xcassets in Resources */,
			);
			runOnlyForDeploymentPostprocessing = 0;
		};
/* End PBXResourcesBuildPhase section */

/* Begin PBXSourcesBuildPhase section */
		D54D66E32D6006ED00832995 /* Sources */ = {
			isa = PBXSourcesBuildPhase;
			buildActionMask = 2147483647;
			files = (
				D54D66E42D6006FE00832995 /* ArmBarnApp.swift in Sources */,
				D54D66E52D6006FE00832995 /* Assets.xcassets in Sources */,
				D59302402DC2754A00E285E0 /* ZeroInputXPopUp.swift in Sources */,
				D54D66E82D6006FE00832995 /* MainView.swift in Sources */,
				D54D66E92D6006FE00832995 /* MainContainerView.swift in Sources */,
				D57607E02D9AB1190058074D /* SelectPitcherView.swift in Sources */,
				D57607E12D9AB1190058074D /* TipView.swift in Sources */,
				D5886DFE2DE4ACF8001BF869 /* LiveStatsContainer.swift in Sources */,
				D535E6862DAFCFD400927E38 /* TabBarContentView.swift in Sources */,
				D57607E22D9AB1190058074D /* ScoreboardView.swift in Sources */,
				D57607E32D9AB1190058074D /* SettingsView.swift in Sources */,
				D57607E42D9AB1190058074D /* AddPitcherView.swift in Sources */,
				D5726ADB2DAD9FB6003EAFB8 /* PitchTypeSelectView.swift in Sources */,
				D593023A2DC0F9D400E285E0 /* VelocityNavPlaceholder.swift in Sources */,
				D58E1BDF2D6394670007E4A2 /* SavedGameMainView.swift in Sources */,
				D57607C12D9992790058074D /* global_variables.swift in Sources */,
				D57607C22D9992790058074D /* report_variables.swift in Sources */,
				D5542B9F2D6008BC00A8607E /* GameReportView.swift in Sources */,
				D5542BA12D6008DB00A8607E /* GameDataSummaryView.swift in Sources */,
				D5726AE32DAD9FE7003EAFB8 /* StrikeResultView.swift in Sources */,
				D5726AE42DAD9FE7003EAFB8 /* LocationNavigationView.swift in Sources */,
				D5726AE52DAD9FE7003EAFB8 /* OutResultView.swift in Sources */,
				D5726AE62DAD9FE7003EAFB8 /* PitchResultMKIIView.swift in Sources */,
				D593023C2DC0F9FD00E285E0 /* TwoInputXPopUp.swift in Sources */,
				D5726AE72DAD9FE7003EAFB8 /* HitResultView.swift in Sources */,
				D54D66F82D6006FE00832995 /* SavedGamesView.swift in Sources */,
				D54A48F92D64DF470007EDD5 /* GameDataGameLogView.swift in Sources */,
				D5886DFC2DE4A938001BF869 /* LiveGameLogView.swift in Sources */,
				D593023E2DC1440500E285E0 /* GameInfoPopUp.swift in Sources */,
				D5726AD92DAD9EF9003EAFB8 /* MainDashboardView.swift in Sources */,
				D57607C62D9993AB0058074D /* SavePopUpView.swift in Sources */,
				D57607CD2D9994690058074D /* PitchLocationView.swift in Sources */,
				D57607CE2D9994690058074D /* HitDetailView.swift in Sources */,
				D57607CF2D9994690058074D /* VelocityInputView.swift in Sources */,
				D57607DA2D9AB0D10058074D /* ABSummaryPopUp.swift in Sources */,
				D57607D02D9994690058074D /* PitchResultView.swift in Sources */,
				D57607EB2D9AB1E70058074D /* StrikeoutAlertView.swift in Sources */,
				D57607EC2D9AB1E70058074D /* EditFileNamePopUpView.swift in Sources */,
				D57607ED2D9AB1E70058074D /* XInfoPopUpView.swift in Sources */,
				D59302542DC8FF0700E285E0 /* StrikeoutResultView.swift in Sources */,
				D57607EE2D9AB1E70058074D /* XPopupAlertView.swift in Sources */,
				D57607EF2D9AB1E70058074D /* FileNamePopUpView.swift in Sources */,
				D593027C2DD2390900E285E0 /* TabBarMKIIView.swift in Sources */,
				D57607F02D9AB1E70058074D /* PopupAlertView.swift in Sources */,
				D57607D12D9994690058074D /* BatterPositionView.swift in Sources */,
				D57607D22D9994690058074D /* OutDetailView.swift in Sources */,
				D509EDE52DDF9C3400B57047 /* LiveStatsView.swift in Sources */,
			);
			runOnlyForDeploymentPostprocessing = 0;
		};
/* End PBXSourcesBuildPhase section */

/* Begin XCBuildConfiguration section */
		D5DD11272AF52FE80064F1A5 /* Debug */ = {
			isa = XCBuildConfiguration;
			buildSettings = {
				ALWAYS_SEARCH_USER_PATHS = NO;
				ASSETCATALOG_COMPILER_GENERATE_SWIFT_ASSET_SYMBOL_EXTENSIONS = YES;
				CLANG_ANALYZER_NONNULL = YES;
				CLANG_ANALYZER_NUMBER_OBJECT_CONVERSION = YES_AGGRESSIVE;
				CLANG_CXX_LANGUAGE_STANDARD = "gnu++20";
				CLANG_ENABLE_MODULES = YES;
				CLANG_ENABLE_OBJC_ARC = YES;
				CLANG_ENABLE_OBJC_WEAK = YES;
				CLANG_WARN_BLOCK_CAPTURE_AUTORELEASING = YES;
				CLANG_WARN_BOOL_CONVERSION = YES;
				CLANG_WARN_COMMA = YES;
				CLANG_WARN_CONSTANT_CONVERSION = YES;
				CLANG_WARN_DEPRECATED_OBJC_IMPLEMENTATIONS = YES;
				CLANG_WARN_DIRECT_OBJC_ISA_USAGE = YES_ERROR;
				CLANG_WARN_DOCUMENTATION_COMMENTS = YES;
				CLANG_WARN_EMPTY_BODY = YES;
				CLANG_WARN_ENUM_CONVERSION = YES;
				CLANG_WARN_INFINITE_RECURSION = YES;
				CLANG_WARN_INT_CONVERSION = YES;
				CLANG_WARN_NON_LITERAL_NULL_CONVERSION = YES;
				CLANG_WARN_OBJC_IMPLICIT_RETAIN_SELF = YES;
				CLANG_WARN_OBJC_LITERAL_CONVERSION = YES;
				CLANG_WARN_OBJC_ROOT_CLASS = YES_ERROR;
				CLANG_WARN_QUOTED_INCLUDE_IN_FRAMEWORK_HEADER = YES;
				CLANG_WARN_RANGE_LOOP_ANALYSIS = YES;
				CLANG_WARN_STRICT_PROTOTYPES = YES;
				CLANG_WARN_SUSPICIOUS_MOVE = YES;
				CLANG_WARN_UNGUARDED_AVAILABILITY = YES_AGGRESSIVE;
				CLANG_WARN_UNREACHABLE_CODE = YES;
				CLANG_WARN__DUPLICATE_METHOD_MATCH = YES;
				COPY_PHASE_STRIP = NO;
				DEBUG_INFORMATION_FORMAT = dwarf;
				ENABLE_STRICT_OBJC_MSGSEND = YES;
				ENABLE_TESTABILITY = YES;
				ENABLE_USER_SCRIPT_SANDBOXING = YES;
				GCC_C_LANGUAGE_STANDARD = gnu17;
				GCC_DYNAMIC_NO_PIC = NO;
				GCC_NO_COMMON_BLOCKS = YES;
				GCC_OPTIMIZATION_LEVEL = 0;
				GCC_PREPROCESSOR_DEFINITIONS = (
					"DEBUG=1",
					"$(inherited)",
				);
				GCC_WARN_64_TO_32_BIT_CONVERSION = YES;
				GCC_WARN_ABOUT_RETURN_TYPE = YES_ERROR;
				GCC_WARN_UNDECLARED_SELECTOR = YES;
				GCC_WARN_UNINITIALIZED_AUTOS = YES_AGGRESSIVE;
				GCC_WARN_UNUSED_FUNCTION = YES;
				GCC_WARN_UNUSED_VARIABLE = YES;
				IPHONEOS_DEPLOYMENT_TARGET = 17.0;
				LOCALIZATION_PREFERS_STRING_CATALOGS = YES;
				MTL_ENABLE_DEBUG_INFO = INCLUDE_SOURCE;
				MTL_FAST_MATH = YES;
				ONLY_ACTIVE_ARCH = YES;
				SDKROOT = iphoneos;
				SWIFT_ACTIVE_COMPILATION_CONDITIONS = "DEBUG $(inherited)";
				SWIFT_OPTIMIZATION_LEVEL = "-Onone";
			};
			name = Debug;
		};
		D5DD11282AF52FE80064F1A5 /* Release */ = {
			isa = XCBuildConfiguration;
			buildSettings = {
				ALWAYS_SEARCH_USER_PATHS = NO;
				ASSETCATALOG_COMPILER_GENERATE_SWIFT_ASSET_SYMBOL_EXTENSIONS = YES;
				CLANG_ANALYZER_NONNULL = YES;
				CLANG_ANALYZER_NUMBER_OBJECT_CONVERSION = YES_AGGRESSIVE;
				CLANG_CXX_LANGUAGE_STANDARD = "gnu++20";
				CLANG_ENABLE_MODULES = YES;
				CLANG_ENABLE_OBJC_ARC = YES;
				CLANG_ENABLE_OBJC_WEAK = YES;
				CLANG_WARN_BLOCK_CAPTURE_AUTORELEASING = YES;
				CLANG_WARN_BOOL_CONVERSION = YES;
				CLANG_WARN_COMMA = YES;
				CLANG_WARN_CONSTANT_CONVERSION = YES;
				CLANG_WARN_DEPRECATED_OBJC_IMPLEMENTATIONS = YES;
				CLANG_WARN_DIRECT_OBJC_ISA_USAGE = YES_ERROR;
				CLANG_WARN_DOCUMENTATION_COMMENTS = YES;
				CLANG_WARN_EMPTY_BODY = YES;
				CLANG_WARN_ENUM_CONVERSION = YES;
				CLANG_WARN_INFINITE_RECURSION = YES;
				CLANG_WARN_INT_CONVERSION = YES;
				CLANG_WARN_NON_LITERAL_NULL_CONVERSION = YES;
				CLANG_WARN_OBJC_IMPLICIT_RETAIN_SELF = YES;
				CLANG_WARN_OBJC_LITERAL_CONVERSION = YES;
				CLANG_WARN_OBJC_ROOT_CLASS = YES_ERROR;
				CLANG_WARN_QUOTED_INCLUDE_IN_FRAMEWORK_HEADER = YES;
				CLANG_WARN_RANGE_LOOP_ANALYSIS = YES;
				CLANG_WARN_STRICT_PROTOTYPES = YES;
				CLANG_WARN_SUSPICIOUS_MOVE = YES;
				CLANG_WARN_UNGUARDED_AVAILABILITY = YES_AGGRESSIVE;
				CLANG_WARN_UNREACHABLE_CODE = YES;
				CLANG_WARN__DUPLICATE_METHOD_MATCH = YES;
				COPY_PHASE_STRIP = NO;
				DEBUG_INFORMATION_FORMAT = "dwarf-with-dsym";
				ENABLE_NS_ASSERTIONS = NO;
				ENABLE_STRICT_OBJC_MSGSEND = YES;
				ENABLE_USER_SCRIPT_SANDBOXING = YES;
				GCC_C_LANGUAGE_STANDARD = gnu17;
				GCC_NO_COMMON_BLOCKS = YES;
				GCC_WARN_64_TO_32_BIT_CONVERSION = YES;
				GCC_WARN_ABOUT_RETURN_TYPE = YES_ERROR;
				GCC_WARN_UNDECLARED_SELECTOR = YES;
				GCC_WARN_UNINITIALIZED_AUTOS = YES_AGGRESSIVE;
				GCC_WARN_UNUSED_FUNCTION = YES;
				GCC_WARN_UNUSED_VARIABLE = YES;
				IPHONEOS_DEPLOYMENT_TARGET = 17.0;
				LOCALIZATION_PREFERS_STRING_CATALOGS = YES;
				MTL_ENABLE_DEBUG_INFO = NO;
				MTL_FAST_MATH = YES;
				SDKROOT = iphoneos;
				SWIFT_COMPILATION_MODE = wholemodule;
				VALIDATE_PRODUCT = YES;
			};
			name = Release;
		};
		D5DD112A2AF52FE80064F1A5 /* Debug */ = {
			isa = XCBuildConfiguration;
			buildSettings = {
				ASSETCATALOG_COMPILER_APPICON_NAME = AppIcon;
				ASSETCATALOG_COMPILER_GLOBAL_ACCENT_COLOR_NAME = AccentColor;
				CODE_SIGN_STYLE = Automatic;
				CURRENT_PROJECT_VERSION = 1;
				DEVELOPMENT_ASSET_PATHS = "\"ArmBarn/Preview Content\"";
				DEVELOPMENT_TEAM = W28AWUPDAN;
				ENABLE_PREVIEWS = YES;
				GENERATE_INFOPLIST_FILE = YES;
				INFOPLIST_FILE = ArmBarn/Info.plist;
				INFOPLIST_KEY_LSApplicationCategoryType = "public.app-category.sports";
				INFOPLIST_KEY_UIApplicationSceneManifest_Generation = YES;
				INFOPLIST_KEY_UIApplicationSupportsIndirectInputEvents = YES;
				INFOPLIST_KEY_UISupportedInterfaceOrientations = UIInterfaceOrientationPortrait;
				IPHONEOS_DEPLOYMENT_TARGET = 18.0;
				LD_RUNPATH_SEARCH_PATHS = (
					"$(inherited)",
					"@executable_path/Frameworks",
				);
				MARKETING_VERSION = 1.4.0;
				PRODUCT_BUNDLE_IDENTIFIER = "LGT-Productions.ArmBarn";
				PRODUCT_NAME = "$(TARGET_NAME)";
				SWIFT_EMIT_LOC_STRINGS = YES;
				SWIFT_VERSION = 5.0;
				TARGETED_DEVICE_FAMILY = 1;
			};
			name = Debug;
		};
		D5DD112B2AF52FE80064F1A5 /* Release */ = {
			isa = XCBuildConfiguration;
			buildSettings = {
				ASSETCATALOG_COMPILER_APPICON_NAME = AppIcon;
				ASSETCATALOG_COMPILER_GLOBAL_ACCENT_COLOR_NAME = AccentColor;
				CODE_SIGN_STYLE = Automatic;
				CURRENT_PROJECT_VERSION = 1;
				DEVELOPMENT_ASSET_PATHS = "\"ArmBarn/Preview Content\"";
				DEVELOPMENT_TEAM = W28AWUPDAN;
				ENABLE_PREVIEWS = YES;
				GENERATE_INFOPLIST_FILE = YES;
				INFOPLIST_FILE = ArmBarn/Info.plist;
				INFOPLIST_KEY_LSApplicationCategoryType = "public.app-category.sports";
				INFOPLIST_KEY_UIApplicationSceneManifest_Generation = YES;
				INFOPLIST_KEY_UIApplicationSupportsIndirectInputEvents = YES;
				INFOPLIST_KEY_UISupportedInterfaceOrientations = UIInterfaceOrientationPortrait;
				IPHONEOS_DEPLOYMENT_TARGET = 18.0;
				LD_RUNPATH_SEARCH_PATHS = (
					"$(inherited)",
					"@executable_path/Frameworks",
				);
				MARKETING_VERSION = 1.4.0;
				PRODUCT_BUNDLE_IDENTIFIER = "LGT-Productions.ArmBarn";
				PRODUCT_NAME = "$(TARGET_NAME)";
				SWIFT_EMIT_LOC_STRINGS = YES;
				SWIFT_VERSION = 5.0;
				TARGETED_DEVICE_FAMILY = 1;
			};
			name = Release;
		};
/* End XCBuildConfiguration section */

/* Begin XCConfigurationList section */
		D5DD11162AF52FE60064F1A5 /* Build configuration list for PBXProject "ArmBarn" */ = {
			isa = XCConfigurationList;
			buildConfigurations = (
				D5DD11272AF52FE80064F1A5 /* Debug */,
				D5DD11282AF52FE80064F1A5 /* Release */,
			);
			defaultConfigurationIsVisible = 0;
			defaultConfigurationName = Release;
		};
		D5DD11292AF52FE80064F1A5 /* Build configuration list for PBXNativeTarget "ArmBarn" */ = {
			isa = XCConfigurationList;
			buildConfigurations = (
				D5DD112A2AF52FE80064F1A5 /* Debug */,
				D5DD112B2AF52FE80064F1A5 /* Release */,
			);
			defaultConfigurationIsVisible = 0;
			defaultConfigurationName = Release;
		};
/* End XCConfigurationList section */
	};
	rootObject = D5DD11132AF52FE60064F1A5 /* Project object */;
}
